
Microsoft Visual Studio Solution File, Format Version 12.00
# Visual Studio Version 17
VisualStudioVersion = 17.0.31903.59
MinimumVisualStudioVersion = 10.0.40219.1
Project("{FAE04EC0-301F-11D3-BF4B-00C04F79EFBC}") = "Bifrons.Base", "Bifrons.Base\Bifrons.Base.csproj", "{6CBBA22C-6D81-4779-940E-DB596C89F407}"
EndProject
Project("{FAE04EC0-301F-11D3-BF4B-00C04F79EFBC}") = "Bifrons.Base.Tests", "Bifrons.Base.Tests\Bifrons.Base.Tests.csproj", "{1BE26167-B00D-48E4-8A16-7253EE64620D}"
EndProject
Global
	GlobalSection(SolutionConfigurationPlatforms) = preSolution
		Debug|Any CPU = Debug|Any CPU
		Release|Any CPU = Release|Any CPU
	EndGlobalSection
	GlobalSection(SolutionProperties) = preSolution
		HideSolutionNode = FALSE
	EndGlobalSection
	GlobalSection(ProjectConfigurationPlatforms) = postSolution
		{6CBBA22C-6D81-4779-940E-DB596C89F407}.Debug|Any CPU.ActiveCfg = Debug|Any CPU
		{6CBBA22C-6D81-4779-940E-DB596C89F407}.Debug|Any CPU.Build.0 = Debug|Any CPU
		{6CBBA22C-6D81-4779-940E-DB596C89F407}.Release|Any CPU.ActiveCfg = Release|Any CPU
		{6CBBA22C-6D81-4779-940E-DB596C89F407}.Release|Any CPU.Build.0 = Release|Any CPU
		{1BE26167-B00D-48E4-8A16-7253EE64620D}.Debug|Any CPU.ActiveCfg = Debug|Any CPU
		{1BE26167-B00D-48E4-8A16-7253EE64620D}.Debug|Any CPU.Build.0 = Debug|Any CPU
		{1BE26167-B00D-48E4-8A16-7253EE64620D}.Release|Any CPU.ActiveCfg = Release|Any CPU
		{1BE26167-B00D-48E4-8A16-7253EE64620D}.Release|Any CPU.Build.0 = Release|Any CPU
	EndGlobalSection
EndGlobal
