
Microsoft Visual Studio Solution File, Format Version 12.00
# Visual Studio Version 17
VisualStudioVersion = 17.0.31903.59
MinimumVisualStudioVersion = 10.0.40219.1
Project("{FAE04EC0-301F-11D3-BF4B-00C04F79EFBC}") = "Bifrons.Base", "Bifrons.Base\Bifrons.Base.csproj", "{6CBBA22C-6D81-4779-940E-DB596C89F407}"
EndProject
Project("{FAE04EC0-301F-11D3-BF4B-00C04F79EFBC}") = "Bifrons.Base.Tests", "Bifrons.Base.Tests\Bifrons.Base.Tests.csproj", "{1BE26167-B00D-48E4-8A16-7253EE64620D}"
EndProject
Project("{FAE04EC0-301F-11D3-BF4B-00C04F79EFBC}") = "Bifrons.Lenses", "Bifrons.Lenses\Bifrons.Lenses.csproj", "{4320BFF5-5619-42FC-9C8B-855B2D2A1957}"
EndProject
Project("{FAE04EC0-301F-11D3-BF4B-00C04F79EFBC}") = "Bifrons.Lenses.Tests", "Bifrons.Lenses.Tests\Bifrons.Lenses.Tests.csproj", "{CF8AC905-076A-4FDB-A0B9-303F1B9346CF}"
EndProject
Project("{FAE04EC0-301F-11D3-BF4B-00C04F79EFBC}") = "Bifrons.Cannonizers.Relational", "Bifrons.Cannonizers.Relational\Bifrons.Cannonizers.Relational.csproj", "{4AC507CF-8392-42D0-AC97-5102C611C625}"
EndProject
Project("{FAE04EC0-301F-11D3-BF4B-00C04F79EFBC}") = "Bifrons.Cannonizers.Relational.Tests", "Bifrons.Cannonizers.Relational.Tests\Bifrons.Cannonizers.Relational.Tests.csproj", "{DE1CB005-EC04-4A83-993F-4777E0D0C0C3}"
EndProject
Project("{FAE04EC0-301F-11D3-BF4B-00C04F79EFBC}") = "Bifrons.Cannonizers.Relational.Sqlite", "Bifrons.Cannonizers.Relational.Sqlite\Bifrons.Cannonizers.Relational.Sqlite.csproj", "{BEDA332B-02C0-431A-9150-607F70C0A443}"
EndProject
Project("{FAE04EC0-301F-11D3-BF4B-00C04F79EFBC}") = "Bifrons.Cannonizers.Relational.Sqlite.Tests", "Bifrons.Cannonizers.Relational.Sqlite.Tests\Bifrons.Cannonizers.Relational.Sqlite.Tests.csproj", "{4804ECCF-08D7-4B1B-973B-1083A97EA521}"
EndProject
Project("{FAE04EC0-301F-11D3-BF4B-00C04F79EFBC}") = "Bifrons.Cannonizers.Relational.Postgres", "Bifrons.Cannonizers.Relational.Postgres\Bifrons.Cannonizers.Relational.Postgres.csproj", "{CCADD2FC-6659-4153-8F31-F91746D682CF}"
EndProject
Project("{FAE04EC0-301F-11D3-BF4B-00C04F79EFBC}") = "Bifrons.Cannonizers.Relational.Postgres.Tests", "Bifrons.Cannonizers.Relational.Postgres.Tests\Bifrons.Cannonizers.Relational.Postgres.Tests.csproj", "{31977835-5C1F-4B21-8675-88DDBDB848C7}"
EndProject
Project("{FAE04EC0-301F-11D3-BF4B-00C04F79EFBC}") = "Bifrons.Experiments", "Bifrons.Experiments\Bifrons.Experiments.csproj", "{2C187574-D2FB-4A6C-BC97-1C3EDB8974CE}"
EndProject
Project("{FAE04EC0-301F-11D3-BF4B-00C04F79EFBC}") = "Bifrons.Cannonizers.Relational.Mssql", "Bifrons.Cannonizers.Relational.Mssql\Bifrons.Cannonizers.Relational.Mssql.csproj", "{89E92451-3B44-4AC9-B74F-6B7B511833C3}"
EndProject
Project("{FAE04EC0-301F-11D3-BF4B-00C04F79EFBC}") = "Bifrons.Cannonizers.Relational.Mssql.Tests", "Bifrons.Cannonizers.Relational.Mssql.Tests\Bifrons.Cannonizers.Relational.Mssql.Tests.csproj", "{98BCD828-70CC-418D-9575-8A4912EEF89F}"
EndProject
Global
	GlobalSection(SolutionConfigurationPlatforms) = preSolution
		Debug|Any CPU = Debug|Any CPU
		Release|Any CPU = Release|Any CPU
	EndGlobalSection
	GlobalSection(ProjectConfigurationPlatforms) = postSolution
		{6CBBA22C-6D81-4779-940E-DB596C89F407}.Debug|Any CPU.ActiveCfg = Debug|Any CPU
		{6CBBA22C-6D81-4779-940E-DB596C89F407}.Debug|Any CPU.Build.0 = Debug|Any CPU
		{6CBBA22C-6D81-4779-940E-DB596C89F407}.Release|Any CPU.ActiveCfg = Release|Any CPU
		{6CBBA22C-6D81-4779-940E-DB596C89F407}.Release|Any CPU.Build.0 = Release|Any CPU
		{1BE26167-B00D-48E4-8A16-7253EE64620D}.Debug|Any CPU.ActiveCfg = Debug|Any CPU
		{1BE26167-B00D-48E4-8A16-7253EE64620D}.Debug|Any CPU.Build.0 = Debug|Any CPU
		{1BE26167-B00D-48E4-8A16-7253EE64620D}.Release|Any CPU.ActiveCfg = Release|Any CPU
		{1BE26167-B00D-48E4-8A16-7253EE64620D}.Release|Any CPU.Build.0 = Release|Any CPU
		{4320BFF5-5619-42FC-9C8B-855B2D2A1957}.Debug|Any CPU.ActiveCfg = Debug|Any CPU
		{4320BFF5-5619-42FC-9C8B-855B2D2A1957}.Debug|Any CPU.Build.0 = Debug|Any CPU
		{4320BFF5-5619-42FC-9C8B-855B2D2A1957}.Release|Any CPU.ActiveCfg = Release|Any CPU
		{4320BFF5-5619-42FC-9C8B-855B2D2A1957}.Release|Any CPU.Build.0 = Release|Any CPU
		{CF8AC905-076A-4FDB-A0B9-303F1B9346CF}.Debug|Any CPU.ActiveCfg = Debug|Any CPU
		{CF8AC905-076A-4FDB-A0B9-303F1B9346CF}.Debug|Any CPU.Build.0 = Debug|Any CPU
		{CF8AC905-076A-4FDB-A0B9-303F1B9346CF}.Release|Any CPU.ActiveCfg = Release|Any CPU
		{CF8AC905-076A-4FDB-A0B9-303F1B9346CF}.Release|Any CPU.Build.0 = Release|Any CPU
		{4AC507CF-8392-42D0-AC97-5102C611C625}.Debug|Any CPU.ActiveCfg = Debug|Any CPU
		{4AC507CF-8392-42D0-AC97-5102C611C625}.Debug|Any CPU.Build.0 = Debug|Any CPU
		{4AC507CF-8392-42D0-AC97-5102C611C625}.Release|Any CPU.ActiveCfg = Release|Any CPU
		{4AC507CF-8392-42D0-AC97-5102C611C625}.Release|Any CPU.Build.0 = Release|Any CPU
		{DE1CB005-EC04-4A83-993F-4777E0D0C0C3}.Debug|Any CPU.ActiveCfg = Debug|Any CPU
		{DE1CB005-EC04-4A83-993F-4777E0D0C0C3}.Debug|Any CPU.Build.0 = Debug|Any CPU
		{DE1CB005-EC04-4A83-993F-4777E0D0C0C3}.Release|Any CPU.ActiveCfg = Release|Any CPU
		{DE1CB005-EC04-4A83-993F-4777E0D0C0C3}.Release|Any CPU.Build.0 = Release|Any CPU
		{BEDA332B-02C0-431A-9150-607F70C0A443}.Debug|Any CPU.ActiveCfg = Debug|Any CPU
		{BEDA332B-02C0-431A-9150-607F70C0A443}.Debug|Any CPU.Build.0 = Debug|Any CPU
		{BEDA332B-02C0-431A-9150-607F70C0A443}.Release|Any CPU.ActiveCfg = Release|Any CPU
		{BEDA332B-02C0-431A-9150-607F70C0A443}.Release|Any CPU.Build.0 = Release|Any CPU
		{4804ECCF-08D7-4B1B-973B-1083A97EA521}.Debug|Any CPU.ActiveCfg = Debug|Any CPU
		{4804ECCF-08D7-4B1B-973B-1083A97EA521}.Debug|Any CPU.Build.0 = Debug|Any CPU
		{4804ECCF-08D7-4B1B-973B-1083A97EA521}.Release|Any CPU.ActiveCfg = Release|Any CPU
		{4804ECCF-08D7-4B1B-973B-1083A97EA521}.Release|Any CPU.Build.0 = Release|Any CPU
		{CCADD2FC-6659-4153-8F31-F91746D682CF}.Debug|Any CPU.ActiveCfg = Debug|Any CPU
		{CCADD2FC-6659-4153-8F31-F91746D682CF}.Debug|Any CPU.Build.0 = Debug|Any CPU
		{CCADD2FC-6659-4153-8F31-F91746D682CF}.Release|Any CPU.ActiveCfg = Release|Any CPU
		{CCADD2FC-6659-4153-8F31-F91746D682CF}.Release|Any CPU.Build.0 = Release|Any CPU
		{31977835-5C1F-4B21-8675-88DDBDB848C7}.Debug|Any CPU.ActiveCfg = Debug|Any CPU
		{31977835-5C1F-4B21-8675-88DDBDB848C7}.Debug|Any CPU.Build.0 = Debug|Any CPU
		{31977835-5C1F-4B21-8675-88DDBDB848C7}.Release|Any CPU.ActiveCfg = Release|Any CPU
		{31977835-5C1F-4B21-8675-88DDBDB848C7}.Release|Any CPU.Build.0 = Release|Any CPU
		{2C187574-D2FB-4A6C-BC97-1C3EDB8974CE}.Debug|Any CPU.ActiveCfg = Debug|Any CPU
		{2C187574-D2FB-4A6C-BC97-1C3EDB8974CE}.Debug|Any CPU.Build.0 = Debug|Any CPU
		{2C187574-D2FB-4A6C-BC97-1C3EDB8974CE}.Release|Any CPU.ActiveCfg = Release|Any CPU
		{2C187574-D2FB-4A6C-BC97-1C3EDB8974CE}.Release|Any CPU.Build.0 = Release|Any CPU
		{89E92451-3B44-4AC9-B74F-6B7B511833C3}.Debug|Any CPU.ActiveCfg = Debug|Any CPU
		{89E92451-3B44-4AC9-B74F-6B7B511833C3}.Debug|Any CPU.Build.0 = Debug|Any CPU
		{89E92451-3B44-4AC9-B74F-6B7B511833C3}.Release|Any CPU.ActiveCfg = Release|Any CPU
		{89E92451-3B44-4AC9-B74F-6B7B511833C3}.Release|Any CPU.Build.0 = Release|Any CPU
		{98BCD828-70CC-418D-9575-8A4912EEF89F}.Debug|Any CPU.ActiveCfg = Debug|Any CPU
		{98BCD828-70CC-418D-9575-8A4912EEF89F}.Debug|Any CPU.Build.0 = Debug|Any CPU
		{98BCD828-70CC-418D-9575-8A4912EEF89F}.Release|Any CPU.ActiveCfg = Release|Any CPU
		{98BCD828-70CC-418D-9575-8A4912EEF89F}.Release|Any CPU.Build.0 = Release|Any CPU
	EndGlobalSection
	GlobalSection(SolutionProperties) = preSolution
		HideSolutionNode = FALSE
	EndGlobalSection
EndGlobal
